<?xml version="1.0" encoding="utf-8"?>
<Project ToolsVersion="4.0" xmlns="http://schemas.microsoft.com/developer/msbuild/2003">
  <ItemGroup>
    <Filter Include="Source Files">
      <UniqueIdentifier>{4FC737F1-C7A5-4376-A066-2A32D752A2FF}</UniqueIdentifier>
      <Extensions>cpp;c;cc;cxx;c++;cppm;ixx;def;odl;idl;hpj;bat;asm;asmx</Extensions>
    </Filter>
    <Filter Include="Header Files">
      <UniqueIdentifier>{93995380-89BD-4b04-88EB-625FBE52EBFB}</UniqueIdentifier>
      <Extensions>h;hh;hpp;hxx;h++;hm;inl;inc;ipp;xsd</Extensions>
    </Filter>
    <Filter Include="Resource Files">
      <UniqueIdentifier>{67DA6AB6-F800-4c08-8B7A-83BB121AAD01}</UniqueIdentifier>
      <Extensions>rc;ico;cur;bmp;dlg;rc2;rct;bin;rgs;gif;jpg;jpeg;jpe;resx;tiff;tif;png;wav;mfcribbon-ms</Extensions>
    </Filter>
  </ItemGroup>
  <ItemGroup>
    <ClCompile Include="Phase1_fundamentals\01_variables\Variables.cpp">
      <Filter>Source Files</Filter>
    </ClCompile>
    <ClCompile Include="main.cpp">
      <Filter>Source Files</Filter>
    </ClCompile>
    <ClCompile Include="Phase1_fundamentals\02_operators\Operators.cpp">
      <Filter>Source Files</Filter>
    </ClCompile>
    <ClCompile Include="Phase1_fundamentals\03_controlFlow\ControlFlow.cpp">
      <Filter>Source Files</Filter>
    </ClCompile>
    <ClCompile Include="Phase1_fundamentals\04_literals_&amp;_constants\LiteralsConstants.cpp">
      <Filter>Source Files</Filter>
    </ClCompile>
    <ClCompile Include="Phase1_fundamentals\05_dataConversions\DataConversions.cpp">
      <Filter>Source Files</Filter>
    </ClCompile>
    <ClCompile Include="Phase1_fundamentals\06_variableLifeTime_&amp;_Scope\VariableLifeTime_Scope.cpp">
      <Filter>Source Files</Filter>
    </ClCompile>
  </ItemGroup>
  <ItemGroup>
    <ClInclude Include="Phase1_fundamentals\01_variables\Variables.h">
      <Filter>Header Files</Filter>
    </ClInclude>
    <ClInclude Include="Experiment_runner.h">
      <Filter>Header Files</Filter>
    </ClInclude>
    <ClInclude Include="Phase1_fundamentals\02_operators\Operators.h">
      <Filter>Header Files</Filter>
    </ClInclude>
    <ClInclude Include="Phase1_fundamentals\03_controlFlow\controlFlow.h">
      <Filter>Header Files</Filter>
    </ClInclude>
    <ClInclude Include="Phase1_fundamentals\04_Literals_&amp;_Constants\LiteralsConstants.h">
      <Filter>Header Files</Filter>
    </ClInclude>
    <ClInclude Include="Phase1_fundamentals\05_dataConversions\DataConversions.h">
      <Filter>Header Files</Filter>
    </ClInclude>
    <ClInclude Include="Phase1_fundamentals\06_variableLifeTime_&amp;_Scope\VariableLifeTime_Scope.h">
      <Filter>Header Files</Filter>
    </ClInclude>
  </ItemGroup>
  <ItemGroup>
    <None Include=".gitignore" />
    <None Include=".gitattributes" />
  </ItemGroup>
</Project>